
Microsoft Visual Studio Solution File, Format Version 12.00
# Visual Studio 2013
VisualStudioVersion = 12.0.21005.1
MinimumVisualStudioVersion = 10.0.40219.1
Project("{FAE04EC0-301F-11D3-BF4B-00C04F79EFBC}") = "DNNArticle_OpenUrlRewriter", "DNNArticle_OpenUrlRewriter.csproj", "{2739ACAD-9864-4DEE-BEB8-093E6D653547}"
EndProject
Project("{E24C65DC-7377-472B-9ABA-BC803B73C61A}") = "http://dnndebug7.iis.holoncom.eu", "http://dnndebug7.iis.holoncom.eu", "{BC47F45C-9FBC-4083-B0DB-AECC4DB67F43}"
	ProjectSection(WebsiteProperties) = preProject
		SccProjectName = ""
		SccAuxPath = ""
		SccLocalPath = ""
		SccProvider = ""
		UseIISExpress = "false"
		TargetFrameworkMoniker = ".NETFramework,Version%3Dv4.0"
		ProjectReferences = "{2739acad-9864-4dee-beb8-093e6d653547}|HolonCom.OpenUrlRewriter.DNNArticle.dll;"
		Debug.AspNetCompiler.VirtualPath = "/dnndebug7.iis.holoncom.eu"
		Debug.AspNetCompiler.PhysicalPath = "..\..\DotNetNuke_Community_07.02.00_Source\Website\"
		Debug.AspNetCompiler.TargetPath = "PrecompiledWeb\dnndebug7.iis.holoncom.eu\"
		Debug.AspNetCompiler.Updateable = "true"
		Debug.AspNetCompiler.ForceOverwrite = "true"
		Debug.AspNetCompiler.FixedNames = "false"
		Debug.AspNetCompiler.Debug = "True"
		Release.AspNetCompiler.VirtualPath = "/dnndebug7.iis.holoncom.eu"
		Release.AspNetCompiler.PhysicalPath = "..\..\DotNetNuke_Community_07.02.00_Source\Website\"
		Release.AspNetCompiler.TargetPath = "PrecompiledWeb\dnndebug7.iis.holoncom.eu\"
		Release.AspNetCompiler.Updateable = "true"
		Release.AspNetCompiler.ForceOverwrite = "true"
		Release.AspNetCompiler.FixedNames = "false"
		Release.AspNetCompiler.Debug = "False"
		SlnRelativePath = "..\..\DotNetNuke_Community_07.02.00_Source\Website\"
	EndProjectSection
EndProject
Global
	GlobalSection(SolutionConfigurationPlatforms) = preSolution
		Debug|Any CPU = Debug|Any CPU
		Release|Any CPU = Release|Any CPU
	EndGlobalSection
	GlobalSection(ProjectConfigurationPlatforms) = postSolution
		{2739ACAD-9864-4DEE-BEB8-093E6D653547}.Debug|Any CPU.ActiveCfg = Debug|Any CPU
		{2739ACAD-9864-4DEE-BEB8-093E6D653547}.Debug|Any CPU.Build.0 = Debug|Any CPU
		{2739ACAD-9864-4DEE-BEB8-093E6D653547}.Release|Any CPU.ActiveCfg = Release|Any CPU
		{2739ACAD-9864-4DEE-BEB8-093E6D653547}.Release|Any CPU.Build.0 = Release|Any CPU
		{BC47F45C-9FBC-4083-B0DB-AECC4DB67F43}.Debug|Any CPU.ActiveCfg = Debug|Any CPU
		{BC47F45C-9FBC-4083-B0DB-AECC4DB67F43}.Debug|Any CPU.Build.0 = Debug|Any CPU
		{BC47F45C-9FBC-4083-B0DB-AECC4DB67F43}.Release|Any CPU.ActiveCfg = Debug|Any CPU
		{BC47F45C-9FBC-4083-B0DB-AECC4DB67F43}.Release|Any CPU.Build.0 = Debug|Any CPU
	EndGlobalSection
	GlobalSection(SolutionProperties) = preSolution
		HideSolutionNode = FALSE
	EndGlobalSection
EndGlobal
